
Microsoft Visual Studio Solution File, Format Version 12.00
# Visual Studio Version 17
VisualStudioVersion = 17.0.31903.59
MinimumVisualStudioVersion = 10.0.40219.1
Project("{2150E333-8FDC-42A3-9474-1A3956D46DE8}") = "src", "src", "{28380C3F-5583-4232-BBDA-5615A05D7674}"
EndProject
Project("{FAE04EC0-301F-11D3-BF4B-00C04F79EFBC}") = "Cliparino.Core", "src\Cliparino.Core\Cliparino.Core.csproj", "{73B29349-D595-4979-B95A-E97CC03732B5}"
EndProject
Project("{2150E333-8FDC-42A3-9474-1A3956D46DE8}") = "tests", "tests", "{AF5C4730-7DE7-47BE-A4ED-A6EFA1090BBE}"
EndProject
Project("{FAE04EC0-301F-11D3-BF4B-00C04F79EFBC}") = "Cliparino.Core.Tests", "src\tests\Cliparino.Core.Tests\Cliparino.Core.Tests.csproj", "{99552F0E-B7CC-4BCA-A1CA-AB220E211135}"
EndProject
Global
	GlobalSection(SolutionConfigurationPlatforms) = preSolution
		Debug|Any CPU = Debug|Any CPU
		Release|Any CPU = Release|Any CPU
	EndGlobalSection
	GlobalSection(SolutionProperties) = preSolution
		HideSolutionNode = FALSE
	EndGlobalSection
	GlobalSection(ProjectConfigurationPlatforms) = postSolution
		{73B29349-D595-4979-B95A-E97CC03732B5}.Debug|Any CPU.ActiveCfg = Debug|Any CPU
		{73B29349-D595-4979-B95A-E97CC03732B5}.Debug|Any CPU.Build.0 = Debug|Any CPU
		{73B29349-D595-4979-B95A-E97CC03732B5}.Release|Any CPU.ActiveCfg = Release|Any CPU
		{73B29349-D595-4979-B95A-E97CC03732B5}.Release|Any CPU.Build.0 = Release|Any CPU
		{99552F0E-B7CC-4BCA-A1CA-AB220E211135}.Debug|Any CPU.ActiveCfg = Debug|Any CPU
		{99552F0E-B7CC-4BCA-A1CA-AB220E211135}.Debug|Any CPU.Build.0 = Debug|Any CPU
		{99552F0E-B7CC-4BCA-A1CA-AB220E211135}.Release|Any CPU.ActiveCfg = Release|Any CPU
		{99552F0E-B7CC-4BCA-A1CA-AB220E211135}.Release|Any CPU.Build.0 = Release|Any CPU
	EndGlobalSection
	GlobalSection(NestedProjects) = preSolution
		{73B29349-D595-4979-B95A-E97CC03732B5} = {28380C3F-5583-4232-BBDA-5615A05D7674}
		{99552F0E-B7CC-4BCA-A1CA-AB220E211135} = {AF5C4730-7DE7-47BE-A4ED-A6EFA1090BBE}
	EndGlobalSection
EndGlobal
